// !$*UTF8*$!
{
	archiveVersion = 1;
	classes = {
	};
	objectVersion = 55;
	objects = {

/* Begin PBXBuildFile section */
		2537E4D127EDF67F0066853E /* main.swift in Sources */ = {isa = PBXBuildFile; fileRef = 2537E4D027EDF67F0066853E /* main.swift */; };
/* End PBXBuildFile section */

/* Begin PBXCopyFilesBuildPhase section */
		96FAD1AF27E8FFA400642DC0 /* CopyFiles */ = {
			isa = PBXCopyFilesBuildPhase;
			buildActionMask = 2147483647;
			dstPath = /usr/share/man/man1/;
			dstSubfolderSpec = 0;
			files = (
			);
			runOnlyForDeploymentPostprocessing = 1;
		};
/* End PBXCopyFilesBuildPhase section */

/* Begin PBXFileReference section */
		250866232833CE4100EF1F78 /* 2293 동전 1.swift */ = {isa = PBXFileReference; lastKnownFileType = sourcecode.swift; path = "2293 동전 1.swift"; sourceTree = "<group>"; };
		250866242833E3BB00EF1F78 /* 11057 오르막 수.swift */ = {isa = PBXFileReference; lastKnownFileType = sourcecode.swift; path = "11057 오르막 수.swift"; sourceTree = "<group>"; };
		2522825028196E1B007589C7 /* 1967 트리의 지름.swift */ = {isa = PBXFileReference; lastKnownFileType = sourcecode.swift; path = "1967 트리의 지름.swift"; sourceTree = "<group>"; };
		2527011E27FB3DE5004A7993 /* 1939 중량 제한.swift */ = {isa = PBXFileReference; lastKnownFileType = sourcecode.swift; path = "1939 중량 제한.swift"; sourceTree = "<group>"; };
		2527011F27FB4285004A7993 /* 1991 트리 순회.swift */ = {isa = PBXFileReference; lastKnownFileType = sourcecode.swift; path = "1991 트리 순회.swift"; sourceTree = "<group>"; };
		2527012027FB5799004A7993 /* 2250 트리의 높이와 너비.swift */ = {isa = PBXFileReference; lastKnownFileType = sourcecode.swift; path = "2250 트리의 높이와 너비.swift"; sourceTree = "<group>"; };
		2527012127FC7835004A7993 /* 1927 최소 힙.swift */ = {isa = PBXFileReference; lastKnownFileType = sourcecode.swift; path = "1927 최소 힙.swift"; sourceTree = "<group>"; };
		2527012227FC95B3004A7993 /* 1715 카드 정렬하기.swift */ = {isa = PBXFileReference; lastKnownFileType = sourcecode.swift; path = "1715 카드 정렬하기.swift"; sourceTree = "<group>"; };
		2527012527FCB50A004A7993 /* 1766 문제집.swift */ = {isa = PBXFileReference; lastKnownFileType = sourcecode.swift; path = "1766 문제집.swift"; sourceTree = "<group>"; };
		2527012627FCBA82004A7993 /* 1904 01타일.swift */ = {isa = PBXFileReference; lastKnownFileType = sourcecode.swift; path = "1904 01타일.swift"; sourceTree = "<group>"; };
		2527012727FCBE6D004A7993 /* 12865 평범한 배낭.swift */ = {isa = PBXFileReference; lastKnownFileType = sourcecode.swift; path = "12865 평범한 배낭.swift"; sourceTree = "<group>"; };
		2527012827FCCDA7004A7993 /* 17626 Four Squares.swift */ = {isa = PBXFileReference; lastKnownFileType = sourcecode.swift; path = "17626 Four Squares.swift"; sourceTree = "<group>"; };
		2527012927FCD07F004A7993 /* 11053 가장 긴 증가하는 부분 수열.swift */ = {isa = PBXFileReference; lastKnownFileType = sourcecode.swift; path = "11053 가장 긴 증가하는 부분 수열.swift"; sourceTree = "<group>"; };
		2527012A27FDC4BD004A7993 /* 1260 DFS와 BFS.swift */ = {isa = PBXFileReference; lastKnownFileType = sourcecode.swift; path = "1260 DFS와 BFS.swift"; sourceTree = "<group>"; };
		2527012B27FDD057004A7993 /* 1697 숨바꼭질.swift */ = {isa = PBXFileReference; lastKnownFileType = sourcecode.swift; path = "1697 숨바꼭질.swift"; sourceTree = "<group>"; };
		2527012C27FDD38E004A7993 /* 2606 바이러스.swift */ = {isa = PBXFileReference; lastKnownFileType = sourcecode.swift; path = "2606 바이러스.swift"; sourceTree = "<group>"; };
		2527012D27FDE826004A7993 /* 1012 유기농 배추.swift */ = {isa = PBXFileReference; lastKnownFileType = sourcecode.swift; path = "1012 유기농 배추.swift"; sourceTree = "<group>"; };
		2527012E27FE0289004A7993 /* 1463 1로 만들기.swift */ = {isa = PBXFileReference; lastKnownFileType = sourcecode.swift; path = "1463 1로 만들기.swift"; sourceTree = "<group>"; };
		2527012F27FE06BF004A7993 /* 2579 계단 오르기.swift */ = {isa = PBXFileReference; lastKnownFileType = sourcecode.swift; path = "2579 계단 오르기.swift"; sourceTree = "<group>"; };
		2527013027FE179C004A7993 /* 2630 색종이 만들기.swift */ = {isa = PBXFileReference; lastKnownFileType = sourcecode.swift; path = "2630 색종이 만들기.swift"; sourceTree = "<group>"; };
		2527013127FE1AB0004A7993 /* 9095 1 2 3 더하기.swift */ = {isa = PBXFileReference; lastKnownFileType = sourcecode.swift; path = "9095 1 2 3 더하기.swift"; sourceTree = "<group>"; };
		2527013227FEFE82004A7993 /* 11726 2xn 타일링.swift */ = {isa = PBXFileReference; lastKnownFileType = sourcecode.swift; path = "11726 2xn 타일링.swift"; sourceTree = "<group>"; };
		2527013327FF00DF004A7993 /* 11279 최대 힙.swift */ = {isa = PBXFileReference; lastKnownFileType = sourcecode.swift; path = "11279 최대 힙.swift"; sourceTree = "<group>"; };
		2527013427FF05E8004A7993 /* 11724 연결 요소의 개수.swift */ = {isa = PBXFileReference; lastKnownFileType = sourcecode.swift; path = "11724 연결 요소의 개수.swift"; sourceTree = "<group>"; };
		2527013527FF118D004A7993 /* 7576 토마토.swift */ = {isa = PBXFileReference; lastKnownFileType = sourcecode.swift; path = "7576 토마토.swift"; sourceTree = "<group>"; };
		2527013627FF209B004A7993 /* 7662 이중 우선순위 큐.swift */ = {isa = PBXFileReference; lastKnownFileType = sourcecode.swift; path = "7662 이중 우선순위 큐.swift"; sourceTree = "<group>"; };
		2527013727FF22D4004A7993 /* 9461 파도반 수열.swift */ = {isa = PBXFileReference; lastKnownFileType = sourcecode.swift; path = "9461 파도반 수열.swift"; sourceTree = "<group>"; };
		2527013827FF274B004A7993 /* 11659 구간 합 구하기 4.swift */ = {isa = PBXFileReference; lastKnownFileType = sourcecode.swift; path = "11659 구간 합 구하기 4.swift"; sourceTree = "<group>"; };
		2527013927FF285A004A7993 /* 11727 2xn 타일링 2.swift */ = {isa = PBXFileReference; lastKnownFileType = sourcecode.swift; path = "11727 2xn 타일링 2.swift"; sourceTree = "<group>"; };
		2527013A27FF2AC8004A7993 /* 1541 잃어버린 괄호.swift */ = {isa = PBXFileReference; lastKnownFileType = sourcecode.swift; path = "1541 잃어버린 괄호.swift"; sourceTree = "<group>"; };
		2527013B27FF331C004A7993 /* 1780 종이의 개수.swift */ = {isa = PBXFileReference; lastKnownFileType = sourcecode.swift; path = "1780 종이의 개수.swift"; sourceTree = "<group>"; };
		2537E4D027EDF67F0066853E /* main.swift */ = {isa = PBXFileReference; lastKnownFileType = sourcecode.swift; path = main.swift; sourceTree = "<group>"; };
		2537E4D227EDF73C0066853E /* 1543 문서검색.swift */ = {isa = PBXFileReference; lastKnownFileType = sourcecode.swift; path = "1543 문서검색.swift"; sourceTree = "<group>"; };
		2537E4D327EDF7D00066853E /* 1568 새.swift */ = {isa = PBXFileReference; lastKnownFileType = sourcecode.swift; path = "1568 새.swift"; sourceTree = "<group>"; };
		2537E4D427EDF8AE0066853E /* 1302 베스트셀러.swift */ = {isa = PBXFileReference; lastKnownFileType = sourcecode.swift; path = "1302 베스트셀러.swift"; sourceTree = "<group>"; };
		2537E4D827EE01DE0066853E /* 1236 성 지키기.swift */ = {isa = PBXFileReference; lastKnownFileType = sourcecode.swift; path = "1236 성 지키기.swift"; sourceTree = "<group>"; };
		2537E4D927EE12640066853E /* 1668 트로피 진열.swift */ = {isa = PBXFileReference; lastKnownFileType = sourcecode.swift; path = "1668 트로피 진열.swift"; sourceTree = "<group>"; };
		2537E4DA27EF55FC0066853E /* 2110 공유기 설치.swift */ = {isa = PBXFileReference; lastKnownFileType = sourcecode.swift; path = "2110 공유기 설치.swift"; sourceTree = "<group>"; };
		2537E4DC27F0A3E90066853E /* 1676 팩토리얼 0의 개수.swift */ = {isa = PBXFileReference; lastKnownFileType = sourcecode.swift; path = "1676 팩토리얼 0의 개수.swift"; sourceTree = "<group>"; };
		2537E4DD27F0A8BF0066853E /* 1764 듣보잡.swift */ = {isa = PBXFileReference; lastKnownFileType = sourcecode.swift; path = "1764 듣보잡.swift"; sourceTree = "<group>"; };
		2537E4DE27F0B2130066853E /* 11723 집합.swift */ = {isa = PBXFileReference; lastKnownFileType = sourcecode.swift; path = "11723 집합.swift"; sourceTree = "<group>"; };
		2537E4DF27F1ED3D0066853E /* 17219 비밀번호 찾기.swift */ = {isa = PBXFileReference; lastKnownFileType = sourcecode.swift; path = "17219 비밀번호 찾기.swift"; sourceTree = "<group>"; };
		2537E4E027F1F0360066853E /* 5585 거스름돈.swift */ = {isa = PBXFileReference; lastKnownFileType = sourcecode.swift; path = "5585 거스름돈.swift"; sourceTree = "<group>"; };
		2537E4E127F1F1FC0066853E /* 1439 뒤집기.swift */ = {isa = PBXFileReference; lastKnownFileType = sourcecode.swift; path = "1439 뒤집기.swift"; sourceTree = "<group>"; };
		2537E4E227F1F3D80066853E /* 2012 등수 매기기.swift */ = {isa = PBXFileReference; lastKnownFileType = sourcecode.swift; path = "2012 등수 매기기.swift"; sourceTree = "<group>"; };
		2537E4E427F32ACC0066853E /* 1092 배.swift */ = {isa = PBXFileReference; lastKnownFileType = sourcecode.swift; path = "1092 배.swift"; sourceTree = "<group>"; };
		2537E4E627F332750066853E /* 2212 센서.swift */ = {isa = PBXFileReference; lastKnownFileType = sourcecode.swift; path = "2212 센서.swift"; sourceTree = "<group>"; };
		2537E4E727F344590066853E /* 1461 도서관.swift */ = {isa = PBXFileReference; lastKnownFileType = sourcecode.swift; path = "1461 도서관.swift"; sourceTree = "<group>"; };
		2537E4E827F364DA0066853E /* 11870 좌표 압축.swift */ = {isa = PBXFileReference; lastKnownFileType = sourcecode.swift; path = "11870 좌표 압축.swift"; sourceTree = "<group>"; };
		253ED071282E888C00D181BF /* 1912 연속합.swift */ = {isa = PBXFileReference; lastKnownFileType = sourcecode.swift; path = "1912 연속합.swift"; sourceTree = "<group>"; };
		253ED073282E906F00D181BF /* 2156 포도주 시식.swift */ = {isa = PBXFileReference; lastKnownFileType = sourcecode.swift; path = "2156 포도주 시식.swift"; sourceTree = "<group>"; };
		253ED074282E90A500D181BF /* 10844 쉬운 계단 수.swift */ = {isa = PBXFileReference; lastKnownFileType = sourcecode.swift; path = "10844 쉬운 계단 수.swift"; sourceTree = "<group>"; };
		254CA155282007DD00A2FE14 /* 2263 트리의 순회.swift */ = {isa = PBXFileReference; lastKnownFileType = sourcecode.swift; path = "2263 트리의 순회.swift"; sourceTree = "<group>"; };
		254CA15628200A8400A2FE14 /* 11444 피보나치 수 6.swift */ = {isa = PBXFileReference; lastKnownFileType = sourcecode.swift; path = "11444 피보나치 수 6.swift"; sourceTree = "<group>"; };
		2584C15E284CDCD80076182F /* 1789 수들의 합.swift */ = {isa = PBXFileReference; lastKnownFileType = sourcecode.swift; path = "1789 수들의 합.swift"; sourceTree = "<group>"; };
		258B9D232822A38600C42D97 /* 5639 이진 검색 트리.swift */ = {isa = PBXFileReference; lastKnownFileType = sourcecode.swift; path = "5639 이진 검색 트리.swift"; sourceTree = "<group>"; };
		258B9D3128253A1A00C42D97 /* 12851 숨바꼭질 2.swift */ = {isa = PBXFileReference; lastKnownFileType = sourcecode.swift; path = "12851 숨바꼭질 2.swift"; sourceTree = "<group>"; };
		258B9D34282618A800C42D97 /* 11055 가장 큰 증가 부분 수열.swift */ = {isa = PBXFileReference; lastKnownFileType = sourcecode.swift; path = "11055 가장 큰 증가 부분 수열.swift"; sourceTree = "<group>"; };
		258B9D35282785D700C42D97 /* 1043 거짓말.swift */ = {isa = PBXFileReference; lastKnownFileType = sourcecode.swift; path = "1043 거짓말.swift"; sourceTree = "<group>"; };
		258B9D3C2829514300C42D97 /* 14502 연구소.swift */ = {isa = PBXFileReference; lastKnownFileType = sourcecode.swift; path = "14502 연구소.swift"; sourceTree = "<group>"; };
		258BD1CD28070D4A00E1C2EC /* 9091 DSLR.swift */ = {isa = PBXFileReference; lastKnownFileType = sourcecode.swift; path = "9091 DSLR.swift"; sourceTree = "<group>"; };
		258BD1CE28071F2D00E1C2EC /* 16928 뱀과 사다리 게임.swift */ = {isa = PBXFileReference; lastKnownFileType = sourcecode.swift; path = "16928 뱀과 사다리 게임.swift"; sourceTree = "<group>"; };
		258BD1CF280B355B00E1C2EC /* 14500 테트로미노.swift */ = {isa = PBXFileReference; lastKnownFileType = sourcecode.swift; path = "14500 테트로미노.swift"; sourceTree = "<group>"; };
		258BD1D0280BECC700E1C2EC /* 2407 조합.swift */ = {isa = PBXFileReference; lastKnownFileType = sourcecode.swift; path = "2407 조합.swift"; sourceTree = "<group>"; };
		258BD1D1280D7ED000E1C2EC /* 15650 N과 M (2).swift */ = {isa = PBXFileReference; lastKnownFileType = sourcecode.swift; path = "15650 N과 M (2).swift"; sourceTree = "<group>"; };
		258BD1D2280EE50B00E1C2EC /* 15652 N과 M (4).swift */ = {isa = PBXFileReference; lastKnownFileType = sourcecode.swift; path = "15652 N과 M (4).swift"; sourceTree = "<group>"; };
		258BD1D3280EF33600E1C2EC /* 15649 N과 M (1).swift */ = {isa = PBXFileReference; lastKnownFileType = sourcecode.swift; path = "15649 N과 M (1).swift"; sourceTree = "<group>"; };
		258BD1D4280EF5A700E1C2EC /* 15650 N과 M (3).swift */ = {isa = PBXFileReference; lastKnownFileType = sourcecode.swift; path = "15650 N과 M (3).swift"; sourceTree = "<group>"; };
		258BD1D5280F1F8400E1C2EC /* 15654 N과 M (5).swift */ = {isa = PBXFileReference; lastKnownFileType = sourcecode.swift; path = "15654 N과 M (5).swift"; sourceTree = "<group>"; };
		258BD1D6280F228700E1C2EC /* 15657 N과 M (8).swift */ = {isa = PBXFileReference; lastKnownFileType = sourcecode.swift; path = "15657 N과 M (8).swift"; sourceTree = "<group>"; };
		258BD1D7280F237A00E1C2EC /* 15666 N과 M (12).swift */ = {isa = PBXFileReference; lastKnownFileType = sourcecode.swift; path = "15666 N과 M (12).swift"; sourceTree = "<group>"; };
		258BD1D8280F272400E1C2EC /* 15663 N과 M (9).swift */ = {isa = PBXFileReference; lastKnownFileType = sourcecode.swift; path = "15663 N과 M (9).swift"; sourceTree = "<group>"; };
		258BD1D92810249300E1C2EC /* 11725 트리의 부모 찾기.swift */ = {isa = PBXFileReference; lastKnownFileType = sourcecode.swift; path = "11725 트리의 부모 찾기.swift"; sourceTree = "<group>"; };
		258BD1DA28102C0F00E1C2EC /* 1149 RGB거리.swift */ = {isa = PBXFileReference; lastKnownFileType = sourcecode.swift; path = "1149 RGB거리.swift"; sourceTree = "<group>"; };
		258BD1DB28118D8800E1C2EC /* 1629 곱셈.swift */ = {isa = PBXFileReference; lastKnownFileType = sourcecode.swift; path = "1629 곱셈.swift"; sourceTree = "<group>"; };
		258BD1DC28119CD900E1C2EC /* 1932 정수 삼각형.swift */ = {isa = PBXFileReference; lastKnownFileType = sourcecode.swift; path = "1932 정수 삼각형.swift"; sourceTree = "<group>"; };
		258BD1DD2811B3BD00E1C2EC /* 9465 스티커.swift */ = {isa = PBXFileReference; lastKnownFileType = sourcecode.swift; path = "9465 스티커.swift"; sourceTree = "<group>"; };
		258BD1DE2812DF6300E1C2EC /* 11660 구간 합 구하기 5.swift */ = {isa = PBXFileReference; lastKnownFileType = sourcecode.swift; path = "11660 구간 합 구하기 5.swift"; sourceTree = "<group>"; };
		258BD1E02813C0A500E1C2EC /* 16953 A->B.swift */ = {isa = PBXFileReference; lastKnownFileType = sourcecode.swift; path = "16953 A->B.swift"; sourceTree = "<group>"; };
		258BD1E228147C9000E1C2EC /* 1753 최단경로.swift */ = {isa = PBXFileReference; lastKnownFileType = sourcecode.swift; path = "1753 최단경로.swift"; sourceTree = "<group>"; };
		258BD1E42815A17C00E1C2EC /* 1916 최소비용 구하기.swift */ = {isa = PBXFileReference; lastKnownFileType = sourcecode.swift; path = "1916 최소비용 구하기.swift"; sourceTree = "<group>"; };
		258BD1E52816D3AE00E1C2EC /* 9251 LCS.swift */ = {isa = PBXFileReference; lastKnownFileType = sourcecode.swift; path = "9251 LCS.swift"; sourceTree = "<group>"; };
		2594844D282D392700CB3908 /* 5052 전화번호 목록.swift */ = {isa = PBXFileReference; lastKnownFileType = sourcecode.swift; path = "5052 전화번호 목록.swift"; sourceTree = "<group>"; };
		259DCE5F2801CCB2009D65C0 /* 1107 리모컨.swift */ = {isa = PBXFileReference; lastKnownFileType = sourcecode.swift; path = "1107 리모컨.swift"; sourceTree = "<group>"; };
		259DCE602804501A009D65C0 /* 5430 AC.swift */ = {isa = PBXFileReference; lastKnownFileType = sourcecode.swift; path = "5430 AC.swift"; sourceTree = "<group>"; };
		259DCE612805AFB2009D65C0 /* 7569 토마토.swift */ = {isa = PBXFileReference; lastKnownFileType = sourcecode.swift; path = "7569 토마토.swift"; sourceTree = "<group>"; };
		25A6833F27F369EE00246591 /* 1620 나는야 포켓몬 마스터 이다솜.swift */ = {isa = PBXFileReference; lastKnownFileType = sourcecode.swift; path = "1620 나는야 포켓몬 마스터 이다솜.swift"; sourceTree = "<group>"; };
		25ACB004281CDB4200E89FC1 /* 1167 트리의 지름.swift */ = {isa = PBXFileReference; lastKnownFileType = sourcecode.swift; path = "1167 트리의 지름.swift"; sourceTree = "<group>"; };
		25ACB005281E1D0A00E89FC1 /* 1865 웜홀.swift */ = {isa = PBXFileReference; lastKnownFileType = sourcecode.swift; path = "1865 웜홀.swift"; sourceTree = "<group>"; };
		25ACB006281E26F600E89FC1 /* 1918 후위 표기식.swift */ = {isa = PBXFileReference; lastKnownFileType = sourcecode.swift; path = "1918 후위 표기식.swift"; sourceTree = "<group>"; };
		25B82B99281821D000930C69 /* 13549 숨바꼭질 3.swift */ = {isa = PBXFileReference; lastKnownFileType = sourcecode.swift; path = "13549 숨바꼭질 3.swift"; sourceTree = "<group>"; };
		25CD99BB27FF3656007EB093 /* 9375 패션왕 신해빈.swift */ = {isa = PBXFileReference; lastKnownFileType = sourcecode.swift; path = "9375 패션왕 신해빈.swift"; sourceTree = "<group>"; };
		25CD99BC27FF4288007EB093 /* 1389 케빈 베이컨의 6단계 법칙.swift */ = {isa = PBXFileReference; lastKnownFileType = sourcecode.swift; path = "1389 케빈 베이컨의 6단계 법칙.swift"; sourceTree = "<group>"; };
		25CD99BD27FF5084007EB093 /* 1992 쿼드트리.swift */ = {isa = PBXFileReference; lastKnownFileType = sourcecode.swift; path = "1992 쿼드트리.swift"; sourceTree = "<group>"; };
		25CD99BE27FF5E1F007EB093 /* 2178 미로 탐색.swift */ = {isa = PBXFileReference; lastKnownFileType = sourcecode.swift; path = "2178 미로 탐색.swift"; sourceTree = "<group>"; };
		25CD99BF28005CD3007EB093 /* 2667 단지번호붙이기.swift */ = {isa = PBXFileReference; lastKnownFileType = sourcecode.swift; path = "2667 단지번호붙이기.swift"; sourceTree = "<group>"; };
		25CD99C0280061B7007EB093 /* 5525 IOIO.swift */ = {isa = PBXFileReference; lastKnownFileType = sourcecode.swift; path = "5525 IOIO.swift"; sourceTree = "<group>"; };
		25CD99C12800651D007EB093 /* 11286 절대값 힙.swift */ = {isa = PBXFileReference; lastKnownFileType = sourcecode.swift; path = "11286 절대값 힙.swift"; sourceTree = "<group>"; };
		25CD99C228007E53007EB093 /* 11403 경로찾기.swift */ = {isa = PBXFileReference; lastKnownFileType = sourcecode.swift; path = "11403 경로찾기.swift"; sourceTree = "<group>"; };
		25CD99C328008678007EB093 /* 9663 N Queen.swift */ = {isa = PBXFileReference; lastKnownFileType = sourcecode.swift; path = "9663 N Queen.swift"; sourceTree = "<group>"; };
		25D22D8C281AC02B009DC3A2 /* 2206 벽 부수고 이동하기.swift */ = {isa = PBXFileReference; lastKnownFileType = sourcecode.swift; path = "2206 벽 부수고 이동하기.swift"; sourceTree = "<group>"; };
		25D22D9C281BFC3E009DC3A2 /* 11404 플로이드.swift */ = {isa = PBXFileReference; lastKnownFileType = sourcecode.swift; path = "11404 플로이드.swift"; sourceTree = "<group>"; };
		25F253D628366DC500A03B0C /* 2193 이친수.swift */ = {isa = PBXFileReference; lastKnownFileType = sourcecode.swift; path = "2193 이친수.swift"; sourceTree = "<group>"; };
		25F253D72836774D00A03B0C /* 11052 카드 구매하기.swift */ = {isa = PBXFileReference; lastKnownFileType = sourcecode.swift; path = "11052 카드 구매하기.swift"; sourceTree = "<group>"; };
		25F253D92837C8AB00A03B0C /* 1212 8진수 2진수.swift */ = {isa = PBXFileReference; lastKnownFileType = sourcecode.swift; path = "1212 8진수 2진수.swift"; sourceTree = "<group>"; };
		25F253DA2838E5B400A03B0C /* 17413 단어 뒤집기 2.swift */ = {isa = PBXFileReference; lastKnownFileType = sourcecode.swift; path = "17413 단어 뒤집기 2.swift"; sourceTree = "<group>"; };
		25F253DB283A1FE100A03B0C /* 11656 접미사 배열.swift */ = {isa = PBXFileReference; lastKnownFileType = sourcecode.swift; path = "11656 접미사 배열.swift"; sourceTree = "<group>"; };
		25F253DC283E59F300A03B0C /* 14425 문자열 집합.swift */ = {isa = PBXFileReference; lastKnownFileType = sourcecode.swift; path = "14425 문자열 집합.swift"; sourceTree = "<group>"; };
		25F253DD283E5BA600A03B0C /* 5582 공통 부분 문자열.swift */ = {isa = PBXFileReference; lastKnownFileType = sourcecode.swift; path = "5582 공통 부분 문자열.swift"; sourceTree = "<group>"; };
		25F253DF283FA58E00A03B0C /* 13305 주유소.swift */ = {isa = PBXFileReference; lastKnownFileType = sourcecode.swift; path = "13305 주유소.swift"; sourceTree = "<group>"; };
		965002D327EA287A0088DB5C /* 1966 프린터큐.swift */ = {isa = PBXFileReference; lastKnownFileType = sourcecode.swift; path = "1966 프린터큐.swift"; sourceTree = "<group>"; };
		965002D527EA2F2E0088DB5C /* 5397 키로거.swift */ = {isa = PBXFileReference; lastKnownFileType = sourcecode.swift; path = "5397 키로거.swift"; sourceTree = "<group>"; };
		965002D727EA32B30088DB5C /* 1920 수 찾기.swift */ = {isa = PBXFileReference; lastKnownFileType = sourcecode.swift; path = "1920 수 찾기.swift"; sourceTree = "<group>"; };
		96CF3E6127EB71D0009F05D1 /* 4195 친구 네트워크.swift */ = {isa = PBXFileReference; lastKnownFileType = sourcecode.swift; path = "4195 친구 네트워크.swift"; sourceTree = "<group>"; };
		96CF3E6327EB8591009F05D1 /* 2747 피보나치 수.swift */ = {isa = PBXFileReference; lastKnownFileType = sourcecode.swift; path = "2747 피보나치 수.swift"; sourceTree = "<group>"; };
		96CF3E6727ECBECB009F05D1 /* 1074 Z.swift */ = {isa = PBXFileReference; lastKnownFileType = sourcecode.swift; path = "1074 Z.swift"; sourceTree = "<group>"; };
		96CF3E6927ECD08D009F05D1 /* 7490 0 만들기.swift */ = {isa = PBXFileReference; lastKnownFileType = sourcecode.swift; path = "7490 0 만들기.swift"; sourceTree = "<group>"; };
		96FAD1B127E8FFA400642DC0 /* Algorithm */ = {isa = PBXFileReference; explicitFileType = "compiled.mach-o.executable"; includeInIndex = 0; path = Algorithm; sourceTree = BUILT_PRODUCTS_DIR; };
		96FAD1B427E8FFA400642DC0 /* 2920 음계.swift */ = {isa = PBXFileReference; lastKnownFileType = sourcecode.swift; path = "2920 음계.swift"; sourceTree = "<group>"; };
		96FAD1BB27E901AB00642DC0 /* 2798 블랙잭.swift */ = {isa = PBXFileReference; lastKnownFileType = sourcecode.swift; path = "2798 블랙잭.swift"; sourceTree = "<group>"; };
		96FAD1BD27E905D800642DC0 /* 1874 스택 수열.swift */ = {isa = PBXFileReference; lastKnownFileType = sourcecode.swift; path = "1874 스택 수열.swift"; sourceTree = "<group>"; };
/* End PBXFileReference section */

/* Begin PBXFrameworksBuildPhase section */
		96FAD1AE27E8FFA400642DC0 /* Frameworks */ = {
			isa = PBXFrameworksBuildPhase;
			buildActionMask = 2147483647;
			files = (
			);
			runOnlyForDeploymentPostprocessing = 0;
		};
/* End PBXFrameworksBuildPhase section */

/* Begin PBXGroup section */
		253ED070282E86CE00D181BF /* DP */ = {
			isa = PBXGroup;
			children = (
				253ED071282E888C00D181BF /* 1912 연속합.swift */,
				253ED073282E906F00D181BF /* 2156 포도주 시식.swift */,
				253ED074282E90A500D181BF /* 10844 쉬운 계단 수.swift */,
				250866232833CE4100EF1F78 /* 2293 동전 1.swift */,
				250866242833E3BB00EF1F78 /* 11057 오르막 수.swift */,
				25F253D628366DC500A03B0C /* 2193 이친수.swift */,
				25F253D72836774D00A03B0C /* 11052 카드 구매하기.swift */,
				25F253DD283E5BA600A03B0C /* 5582 공통 부분 문자열.swift */,
			);
			path = DP;
			sourceTree = "<group>";
		};
		25F253D82837C89B00A03B0C /* String */ = {
			isa = PBXGroup;
			children = (
				25F253D92837C8AB00A03B0C /* 1212 8진수 2진수.swift */,
				25F253DA2838E5B400A03B0C /* 17413 단어 뒤집기 2.swift */,
				25F253DB283A1FE100A03B0C /* 11656 접미사 배열.swift */,
				25F253DC283E59F300A03B0C /* 14425 문자열 집합.swift */,
			);
			path = String;
			sourceTree = "<group>";
		};
		25F253DE283FA2EB00A03B0C /* Greedy */ = {
			isa = PBXGroup;
			children = (
				25F253DF283FA58E00A03B0C /* 13305 주유소.swift */,
				2584C15E284CDCD80076182F /* 1789 수들의 합.swift */,
			);
			path = Greedy;
			sourceTree = "<group>";
		};
		96CF3E8D27ECEC19009F05D1 /* sol */ = {
			isa = PBXGroup;
			children = (
				965002D327EA287A0088DB5C /* 1966 프린터큐.swift */,
				965002D527EA2F2E0088DB5C /* 5397 키로거.swift */,
				965002D727EA32B30088DB5C /* 1920 수 찾기.swift */,
				96CF3E6127EB71D0009F05D1 /* 4195 친구 네트워크.swift */,
				96CF3E6327EB8591009F05D1 /* 2747 피보나치 수.swift */,
				96CF3E6727ECBECB009F05D1 /* 1074 Z.swift */,
				96CF3E6927ECD08D009F05D1 /* 7490 0 만들기.swift */,
				96FAD1B427E8FFA400642DC0 /* 2920 음계.swift */,
				96FAD1BD27E905D800642DC0 /* 1874 스택 수열.swift */,
				96FAD1BB27E901AB00642DC0 /* 2798 블랙잭.swift */,
				2537E4D227EDF73C0066853E /* 1543 문서검색.swift */,
				2537E4D327EDF7D00066853E /* 1568 새.swift */,
				2537E4D427EDF8AE0066853E /* 1302 베스트셀러.swift */,
				2537E4D827EE01DE0066853E /* 1236 성 지키기.swift */,
				2537E4D927EE12640066853E /* 1668 트로피 진열.swift */,
				2537E4DA27EF55FC0066853E /* 2110 공유기 설치.swift */,
				2537E4DC27F0A3E90066853E /* 1676 팩토리얼 0의 개수.swift */,
				2537E4DD27F0A8BF0066853E /* 1764 듣보잡.swift */,
				2537E4DE27F0B2130066853E /* 11723 집합.swift */,
				2537E4DF27F1ED3D0066853E /* 17219 비밀번호 찾기.swift */,
				2537E4E027F1F0360066853E /* 5585 거스름돈.swift */,
				2537E4E127F1F1FC0066853E /* 1439 뒤집기.swift */,
				2537E4E227F1F3D80066853E /* 2012 등수 매기기.swift */,
				2537E4E427F32ACC0066853E /* 1092 배.swift */,
				2537E4E627F332750066853E /* 2212 센서.swift */,
				2537E4E727F344590066853E /* 1461 도서관.swift */,
				2537E4E827F364DA0066853E /* 11870 좌표 압축.swift */,
				25A6833F27F369EE00246591 /* 1620 나는야 포켓몬 마스터 이다솜.swift */,
				2527011E27FB3DE5004A7993 /* 1939 중량 제한.swift */,
				2527011F27FB4285004A7993 /* 1991 트리 순회.swift */,
				2527012027FB5799004A7993 /* 2250 트리의 높이와 너비.swift */,
				2527012127FC7835004A7993 /* 1927 최소 힙.swift */,
				2527012227FC95B3004A7993 /* 1715 카드 정렬하기.swift */,
				2527012527FCB50A004A7993 /* 1766 문제집.swift */,
				2527012627FCBA82004A7993 /* 1904 01타일.swift */,
				2527012727FCBE6D004A7993 /* 12865 평범한 배낭.swift */,
				2527012827FCCDA7004A7993 /* 17626 Four Squares.swift */,
				2527012927FCD07F004A7993 /* 11053 가장 긴 증가하는 부분 수열.swift */,
				2527012A27FDC4BD004A7993 /* 1260 DFS와 BFS.swift */,
				2527012B27FDD057004A7993 /* 1697 숨바꼭질.swift */,
				2527012C27FDD38E004A7993 /* 2606 바이러스.swift */,
				2527012D27FDE826004A7993 /* 1012 유기농 배추.swift */,
				2527012E27FE0289004A7993 /* 1463 1로 만들기.swift */,
				2527012F27FE06BF004A7993 /* 2579 계단 오르기.swift */,
				2527013027FE179C004A7993 /* 2630 색종이 만들기.swift */,
				2527013127FE1AB0004A7993 /* 9095 1 2 3 더하기.swift */,
				2527013227FEFE82004A7993 /* 11726 2xn 타일링.swift */,
				2527013327FF00DF004A7993 /* 11279 최대 힙.swift */,
				2527013427FF05E8004A7993 /* 11724 연결 요소의 개수.swift */,
				2527013527FF118D004A7993 /* 7576 토마토.swift */,
				2527013627FF209B004A7993 /* 7662 이중 우선순위 큐.swift */,
				2527013727FF22D4004A7993 /* 9461 파도반 수열.swift */,
				2527013827FF274B004A7993 /* 11659 구간 합 구하기 4.swift */,
				2527013927FF285A004A7993 /* 11727 2xn 타일링 2.swift */,
				2527013A27FF2AC8004A7993 /* 1541 잃어버린 괄호.swift */,
				2527013B27FF331C004A7993 /* 1780 종이의 개수.swift */,
				25CD99BB27FF3656007EB093 /* 9375 패션왕 신해빈.swift */,
				25CD99BC27FF4288007EB093 /* 1389 케빈 베이컨의 6단계 법칙.swift */,
				25CD99BD27FF5084007EB093 /* 1992 쿼드트리.swift */,
				25CD99BE27FF5E1F007EB093 /* 2178 미로 탐색.swift */,
				25CD99BF28005CD3007EB093 /* 2667 단지번호붙이기.swift */,
				25CD99C0280061B7007EB093 /* 5525 IOIO.swift */,
				25CD99C12800651D007EB093 /* 11286 절대값 힙.swift */,
				25CD99C228007E53007EB093 /* 11403 경로찾기.swift */,
				25CD99C328008678007EB093 /* 9663 N Queen.swift */,
				259DCE5F2801CCB2009D65C0 /* 1107 리모컨.swift */,
				259DCE602804501A009D65C0 /* 5430 AC.swift */,
				259DCE612805AFB2009D65C0 /* 7569 토마토.swift */,
				258BD1CD28070D4A00E1C2EC /* 9091 DSLR.swift */,
				258BD1CE28071F2D00E1C2EC /* 16928 뱀과 사다리 게임.swift */,
				258BD1CF280B355B00E1C2EC /* 14500 테트로미노.swift */,
				258BD1D0280BECC700E1C2EC /* 2407 조합.swift */,
				258BD1D3280EF33600E1C2EC /* 15649 N과 M (1).swift */,
				258BD1D1280D7ED000E1C2EC /* 15650 N과 M (2).swift */,
				258BD1D4280EF5A700E1C2EC /* 15650 N과 M (3).swift */,
				258BD1D2280EE50B00E1C2EC /* 15652 N과 M (4).swift */,
				258BD1D5280F1F8400E1C2EC /* 15654 N과 M (5).swift */,
				258BD1D6280F228700E1C2EC /* 15657 N과 M (8).swift */,
				258BD1D8280F272400E1C2EC /* 15663 N과 M (9).swift */,
				258BD1D7280F237A00E1C2EC /* 15666 N과 M (12).swift */,
				258BD1D92810249300E1C2EC /* 11725 트리의 부모 찾기.swift */,
				258BD1DA28102C0F00E1C2EC /* 1149 RGB거리.swift */,
				258BD1DB28118D8800E1C2EC /* 1629 곱셈.swift */,
				258BD1DC28119CD900E1C2EC /* 1932 정수 삼각형.swift */,
				258BD1DD2811B3BD00E1C2EC /* 9465 스티커.swift */,
				258BD1DE2812DF6300E1C2EC /* 11660 구간 합 구하기 5.swift */,
				258BD1E02813C0A500E1C2EC /* 16953 A->B.swift */,
				258BD1E228147C9000E1C2EC /* 1753 최단경로.swift */,
				258BD1E42815A17C00E1C2EC /* 1916 최소비용 구하기.swift */,
				258BD1E52816D3AE00E1C2EC /* 9251 LCS.swift */,
				25B82B99281821D000930C69 /* 13549 숨바꼭질 3.swift */,
				2522825028196E1B007589C7 /* 1967 트리의 지름.swift */,
				25D22D8C281AC02B009DC3A2 /* 2206 벽 부수고 이동하기.swift */,
				25D22D9C281BFC3E009DC3A2 /* 11404 플로이드.swift */,
				25ACB004281CDB4200E89FC1 /* 1167 트리의 지름.swift */,
				25ACB005281E1D0A00E89FC1 /* 1865 웜홀.swift */,
				25ACB006281E26F600E89FC1 /* 1918 후위 표기식.swift */,
				254CA155282007DD00A2FE14 /* 2263 트리의 순회.swift */,
				254CA15628200A8400A2FE14 /* 11444 피보나치 수 6.swift */,
				258B9D232822A38600C42D97 /* 5639 이진 검색 트리.swift */,
				258B9D3128253A1A00C42D97 /* 12851 숨바꼭질 2.swift */,
				258B9D34282618A800C42D97 /* 11055 가장 큰 증가 부분 수열.swift */,
				258B9D35282785D700C42D97 /* 1043 거짓말.swift */,
				258B9D3C2829514300C42D97 /* 14502 연구소.swift */,
				2594844D282D392700CB3908 /* 5052 전화번호 목록.swift */,
			);
			path = sol;
			sourceTree = "<group>";
		};
		96FAD1A827E8FFA400642DC0 = {
			isa = PBXGroup;
			children = (
				25F253DE283FA2EB00A03B0C /* Greedy */,
				25F253D82837C89B00A03B0C /* String */,
				253ED070282E86CE00D181BF /* DP */,
				96CF3E8D27ECEC19009F05D1 /* sol */,
				96FAD1B327E8FFA400642DC0 /* Algorithm */,
				96FAD1B227E8FFA400642DC0 /* Products */,
			);
			sourceTree = "<group>";
		};
		96FAD1B227E8FFA400642DC0 /* Products */ = {
			isa = PBXGroup;
			children = (
				96FAD1B127E8FFA400642DC0 /* Algorithm */,
			);
			name = Products;
			sourceTree = "<group>";
		};
		96FAD1B327E8FFA400642DC0 /* Algorithm */ = {
			isa = PBXGroup;
			children = (
				2537E4D027EDF67F0066853E /* main.swift */,
			);
			path = Algorithm;
			sourceTree = "<group>";
		};
/* End PBXGroup section */

/* Begin PBXNativeTarget section */
		96FAD1B027E8FFA400642DC0 /* Algorithm */ = {
			isa = PBXNativeTarget;
			buildConfigurationList = 96FAD1B827E8FFA400642DC0 /* Build configuration list for PBXNativeTarget "Algorithm" */;
			buildPhases = (
				96FAD1AD27E8FFA400642DC0 /* Sources */,
				96FAD1AE27E8FFA400642DC0 /* Frameworks */,
				96FAD1AF27E8FFA400642DC0 /* CopyFiles */,
			);
			buildRules = (
			);
			dependencies = (
			);
			name = Algorithm;
			productName = Algorithm;
			productReference = 96FAD1B127E8FFA400642DC0 /* Algorithm */;
			productType = "com.apple.product-type.tool";
		};
/* End PBXNativeTarget section */

/* Begin PBXProject section */
		96FAD1A927E8FFA400642DC0 /* Project object */ = {
			isa = PBXProject;
			attributes = {
				BuildIndependentTargetsInParallel = 1;
				LastSwiftUpdateCheck = 1320;
				LastUpgradeCheck = 1320;
				TargetAttributes = {
					96FAD1B027E8FFA400642DC0 = {
						CreatedOnToolsVersion = 13.2.1;
						LastSwiftMigration = 1330;
					};
				};
			};
			buildConfigurationList = 96FAD1AC27E8FFA400642DC0 /* Build configuration list for PBXProject "Algorithm" */;
			compatibilityVersion = "Xcode 13.0";
			developmentRegion = en;
			hasScannedForEncodings = 0;
			knownRegions = (
				en,
				Base,
			);
			mainGroup = 96FAD1A827E8FFA400642DC0;
			productRefGroup = 96FAD1B227E8FFA400642DC0 /* Products */;
			projectDirPath = "";
			projectRoot = "";
			targets = (
				96FAD1B027E8FFA400642DC0 /* Algorithm */,
			);
		};
/* End PBXProject section */

/* Begin PBXSourcesBuildPhase section */
		96FAD1AD27E8FFA400642DC0 /* Sources */ = {
			isa = PBXSourcesBuildPhase;
			buildActionMask = 2147483647;
			files = (
				2537E4D127EDF67F0066853E /* main.swift in Sources */,
			);
			runOnlyForDeploymentPostprocessing = 0;
		};
/* End PBXSourcesBuildPhase section */

/* Begin XCBuildConfiguration section */
		96FAD1B627E8FFA400642DC0 /* Debug */ = {
			isa = XCBuildConfiguration;
			buildSettings = {
				ALWAYS_SEARCH_USER_PATHS = NO;
				CLANG_ANALYZER_NONNULL = YES;
				CLANG_ANALYZER_NUMBER_OBJECT_CONVERSION = YES_AGGRESSIVE;
				CLANG_CXX_LANGUAGE_STANDARD = "gnu++17";
				CLANG_CXX_LIBRARY = "libc++";
				CLANG_ENABLE_MODULES = YES;
				CLANG_ENABLE_OBJC_ARC = YES;
				CLANG_ENABLE_OBJC_WEAK = YES;
				CLANG_WARN_BLOCK_CAPTURE_AUTORELEASING = YES;
				CLANG_WARN_BOOL_CONVERSION = YES;
				CLANG_WARN_COMMA = YES;
				CLANG_WARN_CONSTANT_CONVERSION = YES;
				CLANG_WARN_DEPRECATED_OBJC_IMPLEMENTATIONS = YES;
				CLANG_WARN_DIRECT_OBJC_ISA_USAGE = YES_ERROR;
				CLANG_WARN_DOCUMENTATION_COMMENTS = YES;
				CLANG_WARN_EMPTY_BODY = YES;
				CLANG_WARN_ENUM_CONVERSION = YES;
				CLANG_WARN_INFINITE_RECURSION = YES;
				CLANG_WARN_INT_CONVERSION = YES;
				CLANG_WARN_NON_LITERAL_NULL_CONVERSION = YES;
				CLANG_WARN_OBJC_IMPLICIT_RETAIN_SELF = YES;
				CLANG_WARN_OBJC_LITERAL_CONVERSION = YES;
				CLANG_WARN_OBJC_ROOT_CLASS = YES_ERROR;
				CLANG_WARN_QUOTED_INCLUDE_IN_FRAMEWORK_HEADER = YES;
				CLANG_WARN_RANGE_LOOP_ANALYSIS = YES;
				CLANG_WARN_STRICT_PROTOTYPES = YES;
				CLANG_WARN_SUSPICIOUS_MOVE = YES;
				CLANG_WARN_UNGUARDED_AVAILABILITY = YES_AGGRESSIVE;
				CLANG_WARN_UNREACHABLE_CODE = YES;
				CLANG_WARN__DUPLICATE_METHOD_MATCH = YES;
				COPY_PHASE_STRIP = NO;
				DEBUG_INFORMATION_FORMAT = dwarf;
				ENABLE_STRICT_OBJC_MSGSEND = YES;
				ENABLE_TESTABILITY = YES;
				GCC_C_LANGUAGE_STANDARD = gnu11;
				GCC_DYNAMIC_NO_PIC = NO;
				GCC_NO_COMMON_BLOCKS = YES;
				GCC_OPTIMIZATION_LEVEL = 0;
				GCC_PREPROCESSOR_DEFINITIONS = (
					"DEBUG=1",
					"$(inherited)",
				);
				GCC_WARN_64_TO_32_BIT_CONVERSION = YES;
				GCC_WARN_ABOUT_RETURN_TYPE = YES_ERROR;
				GCC_WARN_UNDECLARED_SELECTOR = YES;
				GCC_WARN_UNINITIALIZED_AUTOS = YES_AGGRESSIVE;
				GCC_WARN_UNUSED_FUNCTION = YES;
				GCC_WARN_UNUSED_VARIABLE = YES;
				MACOSX_DEPLOYMENT_TARGET = 11.6;
				MTL_ENABLE_DEBUG_INFO = INCLUDE_SOURCE;
				MTL_FAST_MATH = YES;
				ONLY_ACTIVE_ARCH = YES;
				SDKROOT = macosx;
				SWIFT_ACTIVE_COMPILATION_CONDITIONS = DEBUG;
				SWIFT_OPTIMIZATION_LEVEL = "-Onone";
			};
			name = Debug;
		};
		96FAD1B727E8FFA400642DC0 /* Release */ = {
			isa = XCBuildConfiguration;
			buildSettings = {
				ALWAYS_SEARCH_USER_PATHS = NO;
				CLANG_ANALYZER_NONNULL = YES;
				CLANG_ANALYZER_NUMBER_OBJECT_CONVERSION = YES_AGGRESSIVE;
				CLANG_CXX_LANGUAGE_STANDARD = "gnu++17";
				CLANG_CXX_LIBRARY = "libc++";
				CLANG_ENABLE_MODULES = YES;
				CLANG_ENABLE_OBJC_ARC = YES;
				CLANG_ENABLE_OBJC_WEAK = YES;
				CLANG_WARN_BLOCK_CAPTURE_AUTORELEASING = YES;
				CLANG_WARN_BOOL_CONVERSION = YES;
				CLANG_WARN_COMMA = YES;
				CLANG_WARN_CONSTANT_CONVERSION = YES;
				CLANG_WARN_DEPRECATED_OBJC_IMPLEMENTATIONS = YES;
				CLANG_WARN_DIRECT_OBJC_ISA_USAGE = YES_ERROR;
				CLANG_WARN_DOCUMENTATION_COMMENTS = YES;
				CLANG_WARN_EMPTY_BODY = YES;
				CLANG_WARN_ENUM_CONVERSION = YES;
				CLANG_WARN_INFINITE_RECURSION = YES;
				CLANG_WARN_INT_CONVERSION = YES;
				CLANG_WARN_NON_LITERAL_NULL_CONVERSION = YES;
				CLANG_WARN_OBJC_IMPLICIT_RETAIN_SELF = YES;
				CLANG_WARN_OBJC_LITERAL_CONVERSION = YES;
				CLANG_WARN_OBJC_ROOT_CLASS = YES_ERROR;
				CLANG_WARN_QUOTED_INCLUDE_IN_FRAMEWORK_HEADER = YES;
				CLANG_WARN_RANGE_LOOP_ANALYSIS = YES;
				CLANG_WARN_STRICT_PROTOTYPES = YES;
				CLANG_WARN_SUSPICIOUS_MOVE = YES;
				CLANG_WARN_UNGUARDED_AVAILABILITY = YES_AGGRESSIVE;
				CLANG_WARN_UNREACHABLE_CODE = YES;
				CLANG_WARN__DUPLICATE_METHOD_MATCH = YES;
				COPY_PHASE_STRIP = NO;
				DEBUG_INFORMATION_FORMAT = "dwarf-with-dsym";
				ENABLE_NS_ASSERTIONS = NO;
				ENABLE_STRICT_OBJC_MSGSEND = YES;
				GCC_C_LANGUAGE_STANDARD = gnu11;
				GCC_NO_COMMON_BLOCKS = YES;
				GCC_WARN_64_TO_32_BIT_CONVERSION = YES;
				GCC_WARN_ABOUT_RETURN_TYPE = YES_ERROR;
				GCC_WARN_UNDECLARED_SELECTOR = YES;
				GCC_WARN_UNINITIALIZED_AUTOS = YES_AGGRESSIVE;
				GCC_WARN_UNUSED_FUNCTION = YES;
				GCC_WARN_UNUSED_VARIABLE = YES;
				MACOSX_DEPLOYMENT_TARGET = 11.6;
				MTL_ENABLE_DEBUG_INFO = NO;
				MTL_FAST_MATH = YES;
				SDKROOT = macosx;
				SWIFT_COMPILATION_MODE = wholemodule;
				SWIFT_OPTIMIZATION_LEVEL = "-O";
			};
			name = Release;
		};
		96FAD1B927E8FFA400642DC0 /* Debug */ = {
			isa = XCBuildConfiguration;
			buildSettings = {
				CLANG_ENABLE_MODULES = YES;
				CODE_SIGN_STYLE = Automatic;
				DEVELOPMENT_TEAM = 96CBZB9K9M;
				ENABLE_HARDENED_RUNTIME = YES;
				LD_RUNPATH_SEARCH_PATHS = (
					"$(inherited)",
					"@executable_path/../Frameworks",
					"@loader_path/../Frameworks",
				);
				PRODUCT_NAME = "$(TARGET_NAME)";
				SWIFT_OBJC_BRIDGING_HEADER = "";
				SWIFT_OPTIMIZATION_LEVEL = "-Onone";
				SWIFT_VERSION = 5.0;
			};
			name = Debug;
		};
		96FAD1BA27E8FFA400642DC0 /* Release */ = {
			isa = XCBuildConfiguration;
			buildSettings = {
				CLANG_ENABLE_MODULES = YES;
				CODE_SIGN_STYLE = Automatic;
				DEVELOPMENT_TEAM = 96CBZB9K9M;
				ENABLE_HARDENED_RUNTIME = YES;
				LD_RUNPATH_SEARCH_PATHS = (
					"$(inherited)",
					"@executable_path/../Frameworks",
					"@loader_path/../Frameworks",
				);
				PRODUCT_NAME = "$(TARGET_NAME)";
				SWIFT_OBJC_BRIDGING_HEADER = "";
				SWIFT_VERSION = 5.0;
			};
			name = Release;
		};
/* End XCBuildConfiguration section */

/* Begin XCConfigurationList section */
		96FAD1AC27E8FFA400642DC0 /* Build configuration list for PBXProject "Algorithm" */ = {
			isa = XCConfigurationList;
			buildConfigurations = (
				96FAD1B627E8FFA400642DC0 /* Debug */,
				96FAD1B727E8FFA400642DC0 /* Release */,
			);
			defaultConfigurationIsVisible = 0;
			defaultConfigurationName = Release;
		};
		96FAD1B827E8FFA400642DC0 /* Build configuration list for PBXNativeTarget "Algorithm" */ = {
			isa = XCConfigurationList;
			buildConfigurations = (
				96FAD1B927E8FFA400642DC0 /* Debug */,
				96FAD1BA27E8FFA400642DC0 /* Release */,
			);
			defaultConfigurationIsVisible = 0;
			defaultConfigurationName = Release;
		};
/* End XCConfigurationList section */
	};
	rootObject = 96FAD1A927E8FFA400642DC0 /* Project object */;
}
